github.com/coreos/go-oidc/v3 v3.18.0 h1:V9orjXynvu5wiC9SemFTWnG4F45v403aIcjWo0d41+A=
github.com/coreos/go-oidc/v3 v3.18.0/go.mod h1:DYCf24+ncYi+XkIH97GY1+dqoRlbaSI26KVTCI9SrY4=
github.com/go-jose/go-jose/v4 v4.1.4 h1:moDMcTHmvE6Groj34emNPLs/qtYXRVcd6S7NHbHz3kA=
github.com/go-jose/go-jose/v4 v4.1.4/go.mod h1:x4oUasVrzR7071A4TnHLGSPpNOm2a21K9Kf04k1rs08=
github.com/golang-jwt/jwt/v5 v5.3.1 h1:kYf81DTWFe7t+1VvL7eS+jKFVWaUnK9cB1qbwn63YCY=
github.com/golang-jwt/jwt/v5 v5.3.1/go.mod h1:fxCRLWMO43lRc8nhHWY6LGqRcf+1gQWArsqaEUEa5bE=
github.com/google/go-cmp v0.7.0 h1:wk8382ETsv4JYUZwIsn6YpYiWiBsYLSJiTsyBybVuN8=
github.com/google/go-cmp v0.7.0/go.mod h1:pXiqmnSA92OHEEa9HXL2W4E7lf9JzCmGVUdgjX3N/iU=
github.com/joho/godotenv v1.5.1 h1:7eLL/+HRGLY0ldzfGMeQkb7vMd0as4CfYvUVzLqw0N0=
github.com/joho/godotenv v1.5.1/go.mod h1:f4LDr5Voq0i2e/R5DDNOoa2zzDfwtkZa6DnEwAbqwq4=
github.com/kr/fs v0.1.0 h1:Jskdu9ieNAYnjxsi0LbQp1ulIKZV1LAFgK1tWhpZgl8=
github.com/kr/fs v0.1.0/go.mod h1:FFnZGqtBN9Gxj7eW1uZ42v5BccTP0vu6NEaFoC2HwRg=
github.com/mattn/go-sqlite3 v1.14.44 h1:3VSe+xafpbzsLbdr2AWlAZk9yRHiBhTBakioXaCKTF8=
github.com/mattn/go-sqlite3 v1.14.44/go.mod h1:pjEuOr8IwzLJP2MfGeTb0A35jauH+C2kbHKBr7yXKVQ=
github.com/modelcontextprotocol/go-sdk v1.6.0 h1:PPLS3kn7WtOEnR+Af4X5H96SG0qSab8R/ZQT/HkhPkY=
github.com/modelcontextprotocol/go-sdk v1.6.0/go.mod h1:kzm3kzFL1/+AziGOE0nUs3gvPoNxMCvkxokMkuFapXQ=
github.com/pkg/sftp v1.13.10 h1:+5FbKNTe5Z9aspU88DPIKJ9z2KZoaGCu6Sr6kKR/5mU=
github.com/pkg/sftp v1.13.10/go.mod h1:bJ1a7uDhrX/4OII+agvy28lzRvQrmIQuaHrcI1HbeGA=
github.com/segmentio/asm v1.2.1 h1:DTNbBqs57ioxAD4PrArqftgypG4/qNpXoJx8TVXxPR0=
github.com/segmentio/asm v1.2.1/go.mod h1:BqMnlJP91P8d+4ibuonYZw9mfnzI9HfxselHZr5aAcs=
github.com/segmentio/encoding v0.5.4 h1:OW1VRern8Nw6ITAtwSZ7Idrl3MXCFwXHPgqESYfvNt0=
github.com/segmentio/encoding v0.5.4/go.mod h1:HS1ZKa3kSN32ZHVZ7ZLPLXWvOVIiZtyJnO1gPH1sKt0=
github.com/tidwall/gjson v1.19.0 h1:xwxm7n691Uf3u5OFjzngavjGTh55KX5q/9w9xHW88JU=
github.com/tidwall/gjson v1.19.0/go.mod h1:V37/opeE/JbLUOfH0QTXiNez2l0RUjYUhpT4szFQAfc=
github.com/tidwall/match v1.1.1 h1:+Ho715JplO36QYgwN9PGYNhgZvoUSc9X2c80KVTi+GA=
github.com/tidwall/match v1.1.1/go.mod h1:eRSPERbgtNPcGhD8UCthc6PmLEQXEWd3PRB5JTxsfmM=
github.com/tidwall/pretty v1.2.0 h1:RWIZEg2iJ8/g6fDDYzMpobmaoGh5OLl4AXtGUGPcqCs=
github.com/tidwall/pretty v1.2.0/go.mod h1:ITEVvHYasfjBbM0u2Pg8T2nJnzm8xPwvNhhsoaGGjNU=
golang.org/x/crypto v0.51.0 h1:IBPXwPfKxY7cWQZ38ZCIRPI50YLeevDLlLnyC5wRGTI=
golang.org/x/crypto v0.51.0/go.mod h1:8AdwkbraGNABw2kOX6YFPs3WM22XqI4EXEd8g+x7Oc8=
golang.org/x/oauth2 v0.36.0 h1:peZ/1z27fi9hUOFCAZaHyrpWG5lwe0RJEEEeH0ThlIs=
golang.org/x/oauth2 v0.36.0/go.mod h1:YDBUJMTkDnJS+A4BP4eZBjCqtokkg1hODuPjwiGPO7Q=
golang.org/x/sys v0.43.0 h1:Rlag2XtaFTxp19wS8MXlJwTvoh8ArU6ezoyFsMyCTNI=
golang.org/x/sys v0.43.0/go.mod h1:4GL1E5IUh+htKOUEOaiffhrAeqysfVGipDYzABqnCmw=
golang.org/x/sys v0.44.0 h1:ildZl3J4uzeKP07r2F++Op7E9B29JRUy+a27EibtBTQ=
golang.org/x/sys v0.44.0/go.mod h1:4GL1E5IUh+htKOUEOaiffhrAeqysfVGipDYzABqnCmw=
